
Microsoft Visual Studio Solution File, Format Version 12.00
# Visual Studio Version 16
VisualStudioVersion = 16.0.30907.101
MinimumVisualStudioVersion = 10.0.40219.1
Project("{FAE04EC0-301F-11D3-BF4B-00C04F79EFBC}") = "IoT-Tasmota-SmartPlug", "IoT-Tasmota-SmartPlug\IoT-Tasmota-SmartPlug.csproj", "{8FB1C3A7-7604-4CDF-ADE1-EAFB5B07DDE9}"
EndProject
Global
	GlobalSection(SolutionConfigurationPlatforms) = preSolution
		Debug|Any CPU = Debug|Any CPU
		Release|Any CPU = Release|Any CPU
	EndGlobalSection
	GlobalSection(ProjectConfigurationPlatforms) = postSolution
		{8FB1C3A7-7604-4CDF-ADE1-EAFB5B07DDE9}.Debug|Any CPU.ActiveCfg = Debug|Any CPU
		{8FB1C3A7-7604-4CDF-ADE1-EAFB5B07DDE9}.Debug|Any CPU.Build.0 = Debug|Any CPU
		{8FB1C3A7-7604-4CDF-ADE1-EAFB5B07DDE9}.Release|Any CPU.ActiveCfg = Release|Any CPU
		{8FB1C3A7-7604-4CDF-ADE1-EAFB5B07DDE9}.Release|Any CPU.Build.0 = Release|Any CPU
	EndGlobalSection
	GlobalSection(SolutionProperties) = preSolution
		HideSolutionNode = FALSE
	EndGlobalSection
	GlobalSection(ExtensibilityGlobals) = postSolution
		SolutionGuid = {17CA6632-937B-41D0-9B11-3ACC0E75B930}
	EndGlobalSection
EndGlobal
